PODS:
  - KakaoMapsSDK-SNAPSHOT (2.10.5.1)

DEPENDENCIES:
  - KakaoMapsSDK-SNAPSHOT (= 2.10.5.1)

SPEC REPOS:
  https://github.com/CocoaPods/Specs.git:
    - KakaoMapsSDK-SNAPSHOT

SPEC CHECKSUMS:
  KakaoMapsSDK-SNAPSHOT: 39edd3fc8548c21fe1ac1e28f23e51afd09cc81d

PODFILE CHECKSUM: 0646390b983e984cdefec711029942a142d36e20

COCOAPODS: 1.15.2
