// !$*UTF8*$!
{
	archiveVersion = 1;
	classes = {
	};
	objectVersion = 56;
	objects = {

/* Begin PBXBuildFile section */
		C20637F92C51F0ED00089D74 /* User.swift in Sources */ = {isa = PBXBuildFile; fileRef = C20637F82C51F0ED00089D74 /* User.swift */; };
		C207B98B2C45FEFB0088E2D5 /* Keychain.swift in Sources */ = {isa = PBXBuildFile; fileRef = C207B98A2C45FEFB0088E2D5 /* Keychain.swift */; };
		C207F3772C3AFA78007DFA27 /* GoogleSignIn in Frameworks */ = {isa = PBXBuildFile; productRef = C207F3762C3AFA78007DFA27 /* GoogleSignIn */; };
		C207F37B2C3AFC0C007DFA27 /* SignInViewController.swift in Sources */ = {isa = PBXBuildFile; fileRef = C207F37A2C3AFC0C007DFA27 /* SignInViewController.swift */; };
		C207F37F2C3AFC4D007DFA27 /* UserProfileViewController.swift in Sources */ = {isa = PBXBuildFile; fileRef = C207F37E2C3AFC4D007DFA27 /* UserProfileViewController.swift */; };
		C207F3812C3AFC5F007DFA27 /* AuthenticationViewModel.swift in Sources */ = {isa = PBXBuildFile; fileRef = C207F3802C3AFC5F007DFA27 /* AuthenticationViewModel.swift */; };
		C207F3832C3AFC74007DFA27 /* SignInApi.swift in Sources */ = {isa = PBXBuildFile; fileRef = C207F3822C3AFC74007DFA27 /* SignInApi.swift */; };
		C2695D322C4788AC00375BA6 /* PlaceDetailViewController.swift in Sources */ = {isa = PBXBuildFile; fileRef = C2695D312C4788AC00375BA6 /* PlaceDetailViewController.swift */; };
		C2695D342C4788B400375BA6 /* PlaceDetailViewModel.swift in Sources */ = {isa = PBXBuildFile; fileRef = C2695D332C4788B400375BA6 /* PlaceDetailViewModel.swift */; };
		C26E7CC82C480B60004996FE /* PlaceInfoTableViewCell.swift in Sources */ = {isa = PBXBuildFile; fileRef = C26E7CC72C480B60004996FE /* PlaceInfoTableViewCell.swift */; };
		C26E7CCA2C482CDF004996FE /* RatingTableViewCell.swift in Sources */ = {isa = PBXBuildFile; fileRef = C26E7CC92C482CDF004996FE /* RatingTableViewCell.swift */; };
		C276594D2C3D2897006D0D6C /* SettingViewController.swift in Sources */ = {isa = PBXBuildFile; fileRef = C276594C2C3D2897006D0D6C /* SettingViewController.swift */; };
		C296D6FE2C1F16B000691515 /* AppDelegate.swift in Sources */ = {isa = PBXBuildFile; fileRef = C296D6FD2C1F16B000691515 /* AppDelegate.swift */; };
		C296D7002C1F16B000691515 /* SceneDelegate.swift in Sources */ = {isa = PBXBuildFile; fileRef = C296D6FF2C1F16B000691515 /* SceneDelegate.swift */; };
		C296D7022C1F16B000691515 /* ViewController.swift in Sources */ = {isa = PBXBuildFile; fileRef = C296D7012C1F16B000691515 /* ViewController.swift */; };
		C296D7052C1F16B000691515 /* Base in Resources */ = {isa = PBXBuildFile; fileRef = C296D7042C1F16B000691515 /* Base */; };
		C296D7072C1F16B200691515 /* Assets.xcassets in Resources */ = {isa = PBXBuildFile; fileRef = C296D7062C1F16B200691515 /* Assets.xcassets */; };
		C296D70A2C1F16B200691515 /* Base in Resources */ = {isa = PBXBuildFile; fileRef = C296D7092C1F16B200691515 /* Base */; };
		C296D7152C1F16B200691515 /* BusanifyTests.swift in Sources */ = {isa = PBXBuildFile; fileRef = C296D7142C1F16B200691515 /* BusanifyTests.swift */; };
		C296D71F2C1F16B200691515 /* BusanifyUITests.swift in Sources */ = {isa = PBXBuildFile; fileRef = C296D71E2C1F16B200691515 /* BusanifyUITests.swift */; };
		C296D7212C1F16B200691515 /* BusanifyUITestsLaunchTests.swift in Sources */ = {isa = PBXBuildFile; fileRef = C296D7202C1F16B200691515 /* BusanifyUITestsLaunchTests.swift */; };
		C2B869B72C4F425000E4FEBD /* StarImageView.swift in Sources */ = {isa = PBXBuildFile; fileRef = C2B869B62C4F425000E4FEBD /* StarImageView.swift */; };
		C2D279C72C29456200AEAFD1 /* PlacesApi.swift in Sources */ = {isa = PBXBuildFile; fileRef = C2D279C62C29456200AEAFD1 /* PlacesApi.swift */; };
		C2D279C92C29456E00AEAFD1 /* HomeViewUseCase.swift in Sources */ = {isa = PBXBuildFile; fileRef = C2D279C82C29456E00AEAFD1 /* HomeViewUseCase.swift */; };
		C2D279CB2C29458000AEAFD1 /* PlaceDetailViewUseCase.swift in Sources */ = {isa = PBXBuildFile; fileRef = C2D279CA2C29458000AEAFD1 /* PlaceDetailViewUseCase.swift */; };
		C2D279CD2C29458800AEAFD1 /* Place.swift in Sources */ = {isa = PBXBuildFile; fileRef = C2D279CC2C29458800AEAFD1 /* Place.swift */; };
		C2D279CF2C29459000AEAFD1 /* PlaceType.swift in Sources */ = {isa = PBXBuildFile; fileRef = C2D279CE2C29459000AEAFD1 /* PlaceType.swift */; };
		C2F5776D2C479C1E00B2365F /* Review.swift in Sources */ = {isa = PBXBuildFile; fileRef = C2F5776C2C479C1E00B2365F /* Review.swift */; };
		C2FFD2B92C494AD90032C902 /* ReviewTableViewCell.swift in Sources */ = {isa = PBXBuildFile; fileRef = C2FFD2B82C494AD90032C902 /* ReviewTableViewCell.swift */; };
		CD0F83DB2C357A85001C04E2 /* CustomViews.swift in Sources */ = {isa = PBXBuildFile; fileRef = CD0F83DA2C357A85001C04E2 /* CustomViews.swift */; };
		CD89D3522C29A55A00715404 /* HomeViewController.swift in Sources */ = {isa = PBXBuildFile; fileRef = CD89D3502C29A55A00715404 /* HomeViewController.swift */; };
		CD89D3552C29A56B00715404 /* HomeViewModel.swift in Sources */ = {isa = PBXBuildFile; fileRef = CD89D3532C29A56B00715404 /* HomeViewModel.swift */; };
		DCC351AEDE79E3FA213766F5 /* Pods_Busanify.framework in Frameworks */ = {isa = PBXBuildFile; fileRef = FC54047A571AE7CCCEC17FDE /* Pods_Busanify.framework */; };
/* End PBXBuildFile section */

/* Begin PBXContainerItemProxy section */
		C296D7112C1F16B200691515 /* PBXContainerItemProxy */ = {
			isa = PBXContainerItemProxy;
			containerPortal = C296D6F22C1F16B000691515 /* Project object */;
			proxyType = 1;
			remoteGlobalIDString = C296D6F92C1F16B000691515;
			remoteInfo = Busanify;
		};
		C296D71B2C1F16B200691515 /* PBXContainerItemProxy */ = {
			isa = PBXContainerItemProxy;
			containerPortal = C296D6F22C1F16B000691515 /* Project object */;
			proxyType = 1;
			remoteGlobalIDString = C296D6F92C1F16B000691515;
			remoteInfo = Busanify;
		};
/* End PBXContainerItemProxy section */

/* Begin PBXFileReference section */
		A5B5FF36CA65D19775B9B568 /* Pods-Busanify.release.xcconfig */ = {isa = PBXFileReference; includeInIndex = 1; lastKnownFileType = text.xcconfig; name = "Pods-Busanify.release.xcconfig"; path = "Target Support Files/Pods-Busanify/Pods-Busanify.release.xcconfig"; sourceTree = "<group>"; };
		C20637F82C51F0ED00089D74 /* User.swift */ = {isa = PBXFileReference; fileEncoding = 4; lastKnownFileType = sourcecode.swift; path = User.swift; sourceTree = "<group>"; };
		C207B98A2C45FEFB0088E2D5 /* Keychain.swift */ = {isa = PBXFileReference; lastKnownFileType = sourcecode.swift; path = Keychain.swift; sourceTree = "<group>"; };
		C207F37A2C3AFC0C007DFA27 /* SignInViewController.swift */ = {isa = PBXFileReference; lastKnownFileType = sourcecode.swift; path = SignInViewController.swift; sourceTree = "<group>"; };
		C207F37E2C3AFC4D007DFA27 /* UserProfileViewController.swift */ = {isa = PBXFileReference; lastKnownFileType = sourcecode.swift; path = UserProfileViewController.swift; sourceTree = "<group>"; };
		C207F3802C3AFC5F007DFA27 /* AuthenticationViewModel.swift */ = {isa = PBXFileReference; lastKnownFileType = sourcecode.swift; path = AuthenticationViewModel.swift; sourceTree = "<group>"; };
		C207F3822C3AFC74007DFA27 /* SignInApi.swift */ = {isa = PBXFileReference; lastKnownFileType = sourcecode.swift; path = SignInApi.swift; sourceTree = "<group>"; };
		C2695D312C4788AC00375BA6 /* PlaceDetailViewController.swift */ = {isa = PBXFileReference; fileEncoding = 4; lastKnownFileType = sourcecode.swift; path = PlaceDetailViewController.swift; sourceTree = "<group>"; };
		C2695D332C4788B400375BA6 /* PlaceDetailViewModel.swift */ = {isa = PBXFileReference; fileEncoding = 4; lastKnownFileType = sourcecode.swift; path = PlaceDetailViewModel.swift; sourceTree = "<group>"; };
		C26E7CC72C480B60004996FE /* PlaceInfoTableViewCell.swift */ = {isa = PBXFileReference; lastKnownFileType = sourcecode.swift; path = PlaceInfoTableViewCell.swift; sourceTree = "<group>"; };
		C26E7CC92C482CDF004996FE /* RatingTableViewCell.swift */ = {isa = PBXFileReference; lastKnownFileType = sourcecode.swift; path = RatingTableViewCell.swift; sourceTree = "<group>"; };
		C276594C2C3D2897006D0D6C /* SettingViewController.swift */ = {isa = PBXFileReference; lastKnownFileType = sourcecode.swift; path = SettingViewController.swift; sourceTree = "<group>"; };
		C296D6FA2C1F16B000691515 /* Busanify.app */ = {isa = PBXFileReference; explicitFileType = wrapper.application; includeInIndex = 0; path = Busanify.app; sourceTree = BUILT_PRODUCTS_DIR; };
		C296D6FD2C1F16B000691515 /* AppDelegate.swift */ = {isa = PBXFileReference; lastKnownFileType = sourcecode.swift; path = AppDelegate.swift; sourceTree = "<group>"; };
		C296D6FF2C1F16B000691515 /* SceneDelegate.swift */ = {isa = PBXFileReference; lastKnownFileType = sourcecode.swift; path = SceneDelegate.swift; sourceTree = "<group>"; };
		C296D7012C1F16B000691515 /* ViewController.swift */ = {isa = PBXFileReference; lastKnownFileType = sourcecode.swift; path = ViewController.swift; sourceTree = "<group>"; };
		C296D7042C1F16B000691515 /* Base */ = {isa = PBXFileReference; lastKnownFileType = file.storyboard; name = Base; path = Base.lproj/Main.storyboard; sourceTree = "<group>"; };
		C296D7062C1F16B200691515 /* Assets.xcassets */ = {isa = PBXFileReference; lastKnownFileType = folder.assetcatalog; path = Assets.xcassets; sourceTree = "<group>"; };
		C296D7092C1F16B200691515 /* Base */ = {isa = PBXFileReference; lastKnownFileType = file.storyboard; name = Base; path = Base.lproj/LaunchScreen.storyboard; sourceTree = "<group>"; };
		C296D70B2C1F16B200691515 /* Info.plist */ = {isa = PBXFileReference; lastKnownFileType = text.plist.xml; path = Info.plist; sourceTree = "<group>"; };
		C296D7102C1F16B200691515 /* BusanifyTests.xctest */ = {isa = PBXFileReference; explicitFileType = wrapper.cfbundle; includeInIndex = 0; path = BusanifyTests.xctest; sourceTree = BUILT_PRODUCTS_DIR; };
		C296D7142C1F16B200691515 /* BusanifyTests.swift */ = {isa = PBXFileReference; lastKnownFileType = sourcecode.swift; path = BusanifyTests.swift; sourceTree = "<group>"; };
		C296D71A2C1F16B200691515 /* BusanifyUITests.xctest */ = {isa = PBXFileReference; explicitFileType = wrapper.cfbundle; includeInIndex = 0; path = BusanifyUITests.xctest; sourceTree = BUILT_PRODUCTS_DIR; };
		C296D71E2C1F16B200691515 /* BusanifyUITests.swift */ = {isa = PBXFileReference; lastKnownFileType = sourcecode.swift; path = BusanifyUITests.swift; sourceTree = "<group>"; };
		C296D7202C1F16B200691515 /* BusanifyUITestsLaunchTests.swift */ = {isa = PBXFileReference; lastKnownFileType = sourcecode.swift; path = BusanifyUITestsLaunchTests.swift; sourceTree = "<group>"; };
		C2B869B62C4F425000E4FEBD /* StarImageView.swift */ = {isa = PBXFileReference; lastKnownFileType = sourcecode.swift; path = StarImageView.swift; sourceTree = "<group>"; };
		C2D279C62C29456200AEAFD1 /* PlacesApi.swift */ = {isa = PBXFileReference; lastKnownFileType = sourcecode.swift; path = PlacesApi.swift; sourceTree = "<group>"; };
		C2D279C82C29456E00AEAFD1 /* HomeViewUseCase.swift */ = {isa = PBXFileReference; lastKnownFileType = sourcecode.swift; path = HomeViewUseCase.swift; sourceTree = "<group>"; };
		C2D279CA2C29458000AEAFD1 /* PlaceDetailViewUseCase.swift */ = {isa = PBXFileReference; lastKnownFileType = sourcecode.swift; path = PlaceDetailViewUseCase.swift; sourceTree = "<group>"; };
		C2D279CC2C29458800AEAFD1 /* Place.swift */ = {isa = PBXFileReference; lastKnownFileType = sourcecode.swift; path = Place.swift; sourceTree = "<group>"; };
		C2D279CE2C29459000AEAFD1 /* PlaceType.swift */ = {isa = PBXFileReference; lastKnownFileType = sourcecode.swift; path = PlaceType.swift; sourceTree = "<group>"; };
		C2D2A2142C43E3330081D3E8 /* Busanify.entitlements */ = {isa = PBXFileReference; lastKnownFileType = text.plist.entitlements; path = Busanify.entitlements; sourceTree = "<group>"; };
		C2F5776C2C479C1E00B2365F /* Review.swift */ = {isa = PBXFileReference; lastKnownFileType = sourcecode.swift; path = Review.swift; sourceTree = "<group>"; };
		C2FFD2B82C494AD90032C902 /* ReviewTableViewCell.swift */ = {isa = PBXFileReference; lastKnownFileType = sourcecode.swift; path = ReviewTableViewCell.swift; sourceTree = "<group>"; };
		CD0F83DA2C357A85001C04E2 /* CustomViews.swift */ = {isa = PBXFileReference; lastKnownFileType = sourcecode.swift; path = CustomViews.swift; sourceTree = "<group>"; };
		CD89D3502C29A55A00715404 /* HomeViewController.swift */ = {isa = PBXFileReference; fileEncoding = 4; lastKnownFileType = sourcecode.swift; path = HomeViewController.swift; sourceTree = "<group>"; };
		CD89D3532C29A56B00715404 /* HomeViewModel.swift */ = {isa = PBXFileReference; fileEncoding = 4; lastKnownFileType = sourcecode.swift; path = HomeViewModel.swift; sourceTree = "<group>"; };
		FC54047A571AE7CCCEC17FDE /* Pods_Busanify.framework */ = {isa = PBXFileReference; explicitFileType = wrapper.framework; includeInIndex = 0; path = Pods_Busanify.framework; sourceTree = BUILT_PRODUCTS_DIR; };
		FCF7B5AF299CF594CE3ABDAA /* Pods-Busanify.debug.xcconfig */ = {isa = PBXFileReference; includeInIndex = 1; lastKnownFileType = text.xcconfig; name = "Pods-Busanify.debug.xcconfig"; path = "Target Support Files/Pods-Busanify/Pods-Busanify.debug.xcconfig"; sourceTree = "<group>"; };
/* End PBXFileReference section */

/* Begin PBXFrameworksBuildPhase section */
		C296D6F72C1F16B000691515 /* Frameworks */ = {
			isa = PBXFrameworksBuildPhase;
			buildActionMask = 2147483647;
			files = (
				DCC351AEDE79E3FA213766F5 /* Pods_Busanify.framework in Frameworks */,
				C207F3772C3AFA78007DFA27 /* GoogleSignIn in Frameworks */,
			);
			runOnlyForDeploymentPostprocessing = 0;
		};
		C296D70D2C1F16B200691515 /* Frameworks */ = {
			isa = PBXFrameworksBuildPhase;
			buildActionMask = 2147483647;
			files = (
			);
			runOnlyForDeploymentPostprocessing = 0;
		};
		C296D7172C1F16B200691515 /* Frameworks */ = {
			isa = PBXFrameworksBuildPhase;
			buildActionMask = 2147483647;
			files = (
			);
			runOnlyForDeploymentPostprocessing = 0;
		};
/* End PBXFrameworksBuildPhase section */

/* Begin PBXGroup section */
		294E1541A7E881C320C437EE /* Frameworks */ = {
			isa = PBXGroup;
			children = (
				FC54047A571AE7CCCEC17FDE /* Pods_Busanify.framework */,
			);
			name = Frameworks;
			sourceTree = "<group>";
		};
		BEFDFFBA458BE9B300E7C88A /* Pods */ = {
			isa = PBXGroup;
			children = (
				FCF7B5AF299CF594CE3ABDAA /* Pods-Busanify.debug.xcconfig */,
				A5B5FF36CA65D19775B9B568 /* Pods-Busanify.release.xcconfig */,
			);
			path = Pods;
			sourceTree = "<group>";
		};
		C207F3782C3AFB52007DFA27 /* Authentication */ = {
			isa = PBXGroup;
			children = (
				C207F37A2C3AFC0C007DFA27 /* SignInViewController.swift */,
				C207F37E2C3AFC4D007DFA27 /* UserProfileViewController.swift */,
			);
			path = Authentication;
			sourceTree = "<group>";
		};
		C207F3792C3AFB62007DFA27 /* Authentication */ = {
			isa = PBXGroup;
			children = (
				C207F3802C3AFC5F007DFA27 /* AuthenticationViewModel.swift */,
				C207B98A2C45FEFB0088E2D5 /* Keychain.swift */,
			);
			path = Authentication;
			sourceTree = "<group>";
		};
		C2695D2F2C47889900375BA6 /* PlaceDetail */ = {
			isa = PBXGroup;
			children = (
				C2695D332C4788B400375BA6 /* PlaceDetailViewModel.swift */,
			);
			path = PlaceDetail;
			sourceTree = "<group>";
		};
		C2695D302C47889F00375BA6 /* PlaceDetail */ = {
			isa = PBXGroup;
			children = (
				C2695D312C4788AC00375BA6 /* PlaceDetailViewController.swift */,
				C26E7CC72C480B60004996FE /* PlaceInfoTableViewCell.swift */,
				C26E7CC92C482CDF004996FE /* RatingTableViewCell.swift */,
				C2FFD2B82C494AD90032C902 /* ReviewTableViewCell.swift */,
				C2B869B62C4F425000E4FEBD /* StarImageView.swift */,
			);
			path = PlaceDetail;
			sourceTree = "<group>";
		};
		C276594B2C3D2882006D0D6C /* Setting */ = {
			isa = PBXGroup;
			children = (
				C276594C2C3D2897006D0D6C /* SettingViewController.swift */,
			);
			path = Setting;
			sourceTree = "<group>";
		};
		C296D6F12C1F16B000691515 = {
			isa = PBXGroup;
			children = (
				C296D6FC2C1F16B000691515 /* Busanify */,
				C296D7132C1F16B200691515 /* BusanifyTests */,
				C296D71D2C1F16B200691515 /* BusanifyUITests */,
				C296D6FB2C1F16B000691515 /* Products */,
				BEFDFFBA458BE9B300E7C88A /* Pods */,
				294E1541A7E881C320C437EE /* Frameworks */,
			);
			sourceTree = "<group>";
		};
		C296D6FB2C1F16B000691515 /* Products */ = {
			isa = PBXGroup;
			children = (
				C296D6FA2C1F16B000691515 /* Busanify.app */,
				C296D7102C1F16B200691515 /* BusanifyTests.xctest */,
				C296D71A2C1F16B200691515 /* BusanifyUITests.xctest */,
			);
			name = Products;
			sourceTree = "<group>";
		};
		C296D6FC2C1F16B000691515 /* Busanify */ = {
			isa = PBXGroup;
			children = (
				C2D2A2142C43E3330081D3E8 /* Busanify.entitlements */,
				C296D72F2C1F2B0200691515 /* Application */,
				C296D72D2C1F2AA100691515 /* Data */,
				C296D72E2C1F2AB400691515 /* Network */,
				C296D7342C1F2B8B00691515 /* Domain */,
				C296D7302C1F2B4700691515 /* Presentation */,
				C296D7012C1F16B000691515 /* ViewController.swift */,
				C296D7032C1F16B000691515 /* Main.storyboard */,
				C296D7062C1F16B200691515 /* Assets.xcassets */,
				C296D7082C1F16B200691515 /* LaunchScreen.storyboard */,
				C296D70B2C1F16B200691515 /* Info.plist */,
			);
			path = Busanify;
			sourceTree = "<group>";
		};
		C296D7132C1F16B200691515 /* BusanifyTests */ = {
			isa = PBXGroup;
			children = (
				C296D7142C1F16B200691515 /* BusanifyTests.swift */,
			);
			path = BusanifyTests;
			sourceTree = "<group>";
		};
		C296D71D2C1F16B200691515 /* BusanifyUITests */ = {
			isa = PBXGroup;
			children = (
				C296D71E2C1F16B200691515 /* BusanifyUITests.swift */,
				C296D7202C1F16B200691515 /* BusanifyUITestsLaunchTests.swift */,
			);
			path = BusanifyUITests;
			sourceTree = "<group>";
		};
		C296D72D2C1F2AA100691515 /* Data */ = {
			isa = PBXGroup;
			children = (
			);
			path = Data;
			sourceTree = "<group>";
		};
		C296D72E2C1F2AB400691515 /* Network */ = {
			isa = PBXGroup;
			children = (
				C2D279C62C29456200AEAFD1 /* PlacesApi.swift */,
				C207F3822C3AFC74007DFA27 /* SignInApi.swift */,
			);
			path = Network;
			sourceTree = "<group>";
		};
		C296D72F2C1F2B0200691515 /* Application */ = {
			isa = PBXGroup;
			children = (
				C296D6FD2C1F16B000691515 /* AppDelegate.swift */,
				C296D6FF2C1F16B000691515 /* SceneDelegate.swift */,
			);
			path = Application;
			sourceTree = "<group>";
		};
		C296D7302C1F2B4700691515 /* Presentation */ = {
			isa = PBXGroup;
			children = (
				C296D7332C1F2B5D00691515 /* ViewModels */,
				C296D7312C1F2B5000691515 /* Views */,
			);
			path = Presentation;
			sourceTree = "<group>";
		};
		C296D7312C1F2B5000691515 /* Views */ = {
			isa = PBXGroup;
			children = (
				C2695D302C47889F00375BA6 /* PlaceDetail */,
				C276594B2C3D2882006D0D6C /* Setting */,
				C207F3782C3AFB52007DFA27 /* Authentication */,
				CD89D3512C29A55A00715404 /* Home */,
			);
			path = Views;
			sourceTree = "<group>";
		};
		C296D7332C1F2B5D00691515 /* ViewModels */ = {
			isa = PBXGroup;
			children = (
				C2695D2F2C47889900375BA6 /* PlaceDetail */,
				C207F3792C3AFB62007DFA27 /* Authentication */,
				CD89D3542C29A56B00715404 /* Home */,
			);
			path = ViewModels;
			sourceTree = "<group>";
		};
		C296D7342C1F2B8B00691515 /* Domain */ = {
			isa = PBXGroup;
			children = (
				C296D7362C1F2BA100691515 /* Usecases */,
				C296D7352C1F2B9200691515 /* Entities */,
			);
			path = Domain;
			sourceTree = "<group>";
		};
		C296D7352C1F2B9200691515 /* Entities */ = {
			isa = PBXGroup;
			children = (
				C20637F82C51F0ED00089D74 /* User.swift */,
				C2D279CC2C29458800AEAFD1 /* Place.swift */,
				C2D279CE2C29459000AEAFD1 /* PlaceType.swift */,
				C2F5776C2C479C1E00B2365F /* Review.swift */,
			);
			path = Entities;
			sourceTree = "<group>";
		};
		C296D7362C1F2BA100691515 /* Usecases */ = {
			isa = PBXGroup;
			children = (
				C2D279C82C29456E00AEAFD1 /* HomeViewUseCase.swift */,
				C2D279CA2C29458000AEAFD1 /* PlaceDetailViewUseCase.swift */,
			);
			path = Usecases;
			sourceTree = "<group>";
		};
		CD89D3512C29A55A00715404 /* Home */ = {
			isa = PBXGroup;
			children = (
				CD89D3502C29A55A00715404 /* HomeViewController.swift */,
				CD0F83DA2C357A85001C04E2 /* CustomViews.swift */,
			);
			path = Home;
			sourceTree = "<group>";
		};
		CD89D3542C29A56B00715404 /* Home */ = {
			isa = PBXGroup;
			children = (
				CD89D3532C29A56B00715404 /* HomeViewModel.swift */,
			);
			path = Home;
			sourceTree = "<group>";
		};
/* End PBXGroup section */

/* Begin PBXNativeTarget section */
		C296D6F92C1F16B000691515 /* Busanify */ = {
			isa = PBXNativeTarget;
			buildConfigurationList = C296D7242C1F16B200691515 /* Build configuration list for PBXNativeTarget "Busanify" */;
			buildPhases = (
				E64A6AAA3217D042486D18E6 /* [CP] Check Pods Manifest.lock */,
				C296D6F62C1F16B000691515 /* Sources */,
				C296D6F72C1F16B000691515 /* Frameworks */,
				C296D6F82C1F16B000691515 /* Resources */,
				E0BEDE5A1ACC8D35A8960EE7 /* [CP] Embed Pods Frameworks */,
				D214ADAAAFF712400C089767 /* [CP] Copy Pods Resources */,
			);
			buildRules = (
			);
			dependencies = (
			);
			name = Busanify;
			packageProductDependencies = (
				C207F3762C3AFA78007DFA27 /* GoogleSignIn */,
			);
			productName = Busanify;
			productReference = C296D6FA2C1F16B000691515 /* Busanify.app */;
			productType = "com.apple.product-type.application";
		};
		C296D70F2C1F16B200691515 /* BusanifyTests */ = {
			isa = PBXNativeTarget;
			buildConfigurationList = C296D7272C1F16B200691515 /* Build configuration list for PBXNativeTarget "BusanifyTests" */;
			buildPhases = (
				C296D70C2C1F16B200691515 /* Sources */,
				C296D70D2C1F16B200691515 /* Frameworks */,
				C296D70E2C1F16B200691515 /* Resources */,
			);
			buildRules = (
			);
			dependencies = (
				C296D7122C1F16B200691515 /* PBXTargetDependency */,
			);
			name = BusanifyTests;
			productName = BusanifyTests;
			productReference = C296D7102C1F16B200691515 /* BusanifyTests.xctest */;
			productType = "com.apple.product-type.bundle.unit-test";
		};
		C296D7192C1F16B200691515 /* BusanifyUITests */ = {
			isa = PBXNativeTarget;
			buildConfigurationList = C296D72A2C1F16B200691515 /* Build configuration list for PBXNativeTarget "BusanifyUITests" */;
			buildPhases = (
				C296D7162C1F16B200691515 /* Sources */,
				C296D7172C1F16B200691515 /* Frameworks */,
				C296D7182C1F16B200691515 /* Resources */,
			);
			buildRules = (
			);
			dependencies = (
				C296D71C2C1F16B200691515 /* PBXTargetDependency */,
			);
			name = BusanifyUITests;
			productName = BusanifyUITests;
			productReference = C296D71A2C1F16B200691515 /* BusanifyUITests.xctest */;
			productType = "com.apple.product-type.bundle.ui-testing";
		};
/* End PBXNativeTarget section */

/* Begin PBXProject section */
		C296D6F22C1F16B000691515 /* Project object */ = {
			isa = PBXProject;
			attributes = {
				BuildIndependentTargetsInParallel = 1;
				LastSwiftUpdateCheck = 1540;
				LastUpgradeCheck = 1540;
				TargetAttributes = {
					C296D6F92C1F16B000691515 = {
						CreatedOnToolsVersion = 15.4;
					};
					C296D70F2C1F16B200691515 = {
						CreatedOnToolsVersion = 15.4;
						TestTargetID = C296D6F92C1F16B000691515;
					};
					C296D7192C1F16B200691515 = {
						CreatedOnToolsVersion = 15.4;
						TestTargetID = C296D6F92C1F16B000691515;
					};
				};
			};
			buildConfigurationList = C296D6F52C1F16B000691515 /* Build configuration list for PBXProject "Busanify" */;
			compatibilityVersion = "Xcode 14.0";
			developmentRegion = en;
			hasScannedForEncodings = 0;
			knownRegions = (
				en,
				Base,
			);
			mainGroup = C296D6F12C1F16B000691515;
			packageReferences = (
				C207F3752C3AFA78007DFA27 /* XCRemoteSwiftPackageReference "GoogleSignIn-iOS" */,
			);
			productRefGroup = C296D6FB2C1F16B000691515 /* Products */;
			projectDirPath = "";
			projectRoot = "";
			targets = (
				C296D6F92C1F16B000691515 /* Busanify */,
				C296D70F2C1F16B200691515 /* BusanifyTests */,
				C296D7192C1F16B200691515 /* BusanifyUITests */,
			);
		};
/* End PBXProject section */

/* Begin PBXResourcesBuildPhase section */
		C296D6F82C1F16B000691515 /* Resources */ = {
			isa = PBXResourcesBuildPhase;
			buildActionMask = 2147483647;
			files = (
				C296D7072C1F16B200691515 /* Assets.xcassets in Resources */,
				C296D70A2C1F16B200691515 /* Base in Resources */,
				C296D7052C1F16B000691515 /* Base in Resources */,
			);
			runOnlyForDeploymentPostprocessing = 0;
		};
		C296D70E2C1F16B200691515 /* Resources */ = {
			isa = PBXResourcesBuildPhase;
			buildActionMask = 2147483647;
			files = (
			);
			runOnlyForDeploymentPostprocessing = 0;
		};
		C296D7182C1F16B200691515 /* Resources */ = {
			isa = PBXResourcesBuildPhase;
			buildActionMask = 2147483647;
			files = (
			);
			runOnlyForDeploymentPostprocessing = 0;
		};
/* End PBXResourcesBuildPhase section */

/* Begin PBXShellScriptBuildPhase section */
		D214ADAAAFF712400C089767 /* [CP] Copy Pods Resources */ = {
			isa = PBXShellScriptBuildPhase;
			buildActionMask = 2147483647;
			files = (
			);
			inputFileListPaths = (
				"${PODS_ROOT}/Target Support Files/Pods-Busanify/Pods-Busanify-resources-${CONFIGURATION}-input-files.xcfilelist",
			);
			name = "[CP] Copy Pods Resources";
			outputFileListPaths = (
				"${PODS_ROOT}/Target Support Files/Pods-Busanify/Pods-Busanify-resources-${CONFIGURATION}-output-files.xcfilelist",
			);
			runOnlyForDeploymentPostprocessing = 0;
			shellPath = /bin/sh;
			shellScript = "\"${PODS_ROOT}/Target Support Files/Pods-Busanify/Pods-Busanify-resources.sh\"\n";
			showEnvVarsInLog = 0;
		};
		E0BEDE5A1ACC8D35A8960EE7 /* [CP] Embed Pods Frameworks */ = {
			isa = PBXShellScriptBuildPhase;
			buildActionMask = 2147483647;
			files = (
			);
			inputFileListPaths = (
				"${PODS_ROOT}/Target Support Files/Pods-Busanify/Pods-Busanify-frameworks-${CONFIGURATION}-input-files.xcfilelist",
			);
			name = "[CP] Embed Pods Frameworks";
			outputFileListPaths = (
				"${PODS_ROOT}/Target Support Files/Pods-Busanify/Pods-Busanify-frameworks-${CONFIGURATION}-output-files.xcfilelist",
			);
			runOnlyForDeploymentPostprocessing = 0;
			shellPath = /bin/sh;
			shellScript = "\"${PODS_ROOT}/Target Support Files/Pods-Busanify/Pods-Busanify-frameworks.sh\"\n";
			showEnvVarsInLog = 0;
		};
		E64A6AAA3217D042486D18E6 /* [CP] Check Pods Manifest.lock */ = {
			isa = PBXShellScriptBuildPhase;
			buildActionMask = 2147483647;
			files = (
			);
			inputFileListPaths = (
			);
			inputPaths = (
				"${PODS_PODFILE_DIR_PATH}/Podfile.lock",
				"${PODS_ROOT}/Manifest.lock",
			);
			name = "[CP] Check Pods Manifest.lock";
			outputFileListPaths = (
			);
			outputPaths = (
				"$(DERIVED_FILE_DIR)/Pods-Busanify-checkManifestLockResult.txt",
			);
			runOnlyForDeploymentPostprocessing = 0;
			shellPath = /bin/sh;
			shellScript = "diff \"${PODS_PODFILE_DIR_PATH}/Podfile.lock\" \"${PODS_ROOT}/Manifest.lock\" > /dev/null\nif [ $? != 0 ] ; then\n    # print error to STDERR\n    echo \"error: The sandbox is not in sync with the Podfile.lock. Run 'pod install' or update your CocoaPods installation.\" >&2\n    exit 1\nfi\n# This output is used by Xcode 'outputs' to avoid re-running this script phase.\necho \"SUCCESS\" > \"${SCRIPT_OUTPUT_FILE_0}\"\n";
			showEnvVarsInLog = 0;
		};
/* End PBXShellScriptBuildPhase section */

/* Begin PBXSourcesBuildPhase section */
		C296D6F62C1F16B000691515 /* Sources */ = {
			isa = PBXSourcesBuildPhase;
			buildActionMask = 2147483647;
			files = (
				C20637F92C51F0ED00089D74 /* User.swift in Sources */,
				C207F37B2C3AFC0C007DFA27 /* SignInViewController.swift in Sources */,
				C2FFD2B92C494AD90032C902 /* ReviewTableViewCell.swift in Sources */,
				C2D279C92C29456E00AEAFD1 /* HomeViewUseCase.swift in Sources */,
				C2F5776D2C479C1E00B2365F /* Review.swift in Sources */,
				C207F3812C3AFC5F007DFA27 /* AuthenticationViewModel.swift in Sources */,
				C2695D342C4788B400375BA6 /* PlaceDetailViewModel.swift in Sources */,
				C2B869B72C4F425000E4FEBD /* StarImageView.swift in Sources */,
				C26E7CCA2C482CDF004996FE /* RatingTableViewCell.swift in Sources */,
				C2D279CF2C29459000AEAFD1 /* PlaceType.swift in Sources */,
				C2D279C72C29456200AEAFD1 /* PlacesApi.swift in Sources */,
				C26E7CC82C480B60004996FE /* PlaceInfoTableViewCell.swift in Sources */,
				C296D7022C1F16B000691515 /* ViewController.swift in Sources */,
				C2D279CB2C29458000AEAFD1 /* PlaceDetailViewUseCase.swift in Sources */,
				C207F37F2C3AFC4D007DFA27 /* UserProfileViewController.swift in Sources */,
				CD89D3552C29A56B00715404 /* HomeViewModel.swift in Sources */,
				CD0F83DB2C357A85001C04E2 /* CustomViews.swift in Sources */,
				C2695D322C4788AC00375BA6 /* PlaceDetailViewController.swift in Sources */,
				C207B98B2C45FEFB0088E2D5 /* Keychain.swift in Sources */,
				CD89D3522C29A55A00715404 /* HomeViewController.swift in Sources */,
				C276594D2C3D2897006D0D6C /* SettingViewController.swift in Sources */,
				C207F3832C3AFC74007DFA27 /* SignInApi.swift in Sources */,
				C296D6FE2C1F16B000691515 /* AppDelegate.swift in Sources */,
				C2D279CD2C29458800AEAFD1 /* Place.swift in Sources */,
				C296D7002C1F16B000691515 /* SceneDelegate.swift in Sources */,
			);
			runOnlyForDeploymentPostprocessing = 0;
		};
		C296D70C2C1F16B200691515 /* Sources */ = {
			isa = PBXSourcesBuildPhase;
			buildActionMask = 2147483647;
			files = (
				C296D7152C1F16B200691515 /* BusanifyTests.swift in Sources */,
			);
			runOnlyForDeploymentPostprocessing = 0;
		};
		C296D7162C1F16B200691515 /* Sources */ = {
			isa = PBXSourcesBuildPhase;
			buildActionMask = 2147483647;
			files = (
				C296D7212C1F16B200691515 /* BusanifyUITestsLaunchTests.swift in Sources */,
				C296D71F2C1F16B200691515 /* BusanifyUITests.swift in Sources */,
			);
			runOnlyForDeploymentPostprocessing = 0;
		};
/* End PBXSourcesBuildPhase section */

/* Begin PBXTargetDependency section */
		C296D7122C1F16B200691515 /* PBXTargetDependency */ = {
			isa = PBXTargetDependency;
			target = C296D6F92C1F16B000691515 /* Busanify */;
			targetProxy = C296D7112C1F16B200691515 /* PBXContainerItemProxy */;
		};
		C296D71C2C1F16B200691515 /* PBXTargetDependency */ = {
			isa = PBXTargetDependency;
			target = C296D6F92C1F16B000691515 /* Busanify */;
			targetProxy = C296D71B2C1F16B200691515 /* PBXContainerItemProxy */;
		};
/* End PBXTargetDependency section */

/* Begin PBXVariantGroup section */
		C296D7032C1F16B000691515 /* Main.storyboard */ = {
			isa = PBXVariantGroup;
			children = (
				C296D7042C1F16B000691515 /* Base */,
			);
			name = Main.storyboard;
			sourceTree = "<group>";
		};
		C296D7082C1F16B200691515 /* LaunchScreen.storyboard */ = {
			isa = PBXVariantGroup;
			children = (
				C296D7092C1F16B200691515 /* Base */,
			);
			name = LaunchScreen.storyboard;
			sourceTree = "<group>";
		};
/* End PBXVariantGroup section */

/* Begin XCBuildConfiguration section */
		C296D7222C1F16B200691515 /* Debug */ = {
			isa = XCBuildConfiguration;
			buildSettings = {
				ALWAYS_SEARCH_USER_PATHS = NO;
				ASSETCATALOG_COMPILER_GENERATE_SWIFT_ASSET_SYMBOL_EXTENSIONS = YES;
				CLANG_ANALYZER_NONNULL = YES;
				CLANG_ANALYZER_NUMBER_OBJECT_CONVERSION = YES_AGGRESSIVE;
				CLANG_CXX_LANGUAGE_STANDARD = "gnu++20";
				CLANG_ENABLE_MODULES = YES;
				CLANG_ENABLE_OBJC_ARC = YES;
				CLANG_ENABLE_OBJC_WEAK = YES;
				CLANG_WARN_BLOCK_CAPTURE_AUTORELEASING = YES;
				CLANG_WARN_BOOL_CONVERSION = YES;
				CLANG_WARN_COMMA = YES;
				CLANG_WARN_CONSTANT_CONVERSION = YES;
				CLANG_WARN_DEPRECATED_OBJC_IMPLEMENTATIONS = YES;
				CLANG_WARN_DIRECT_OBJC_ISA_USAGE = YES_ERROR;
				CLANG_WARN_DOCUMENTATION_COMMENTS = YES;
				CLANG_WARN_EMPTY_BODY = YES;
				CLANG_WARN_ENUM_CONVERSION = YES;
				CLANG_WARN_INFINITE_RECURSION = YES;
				CLANG_WARN_INT_CONVERSION = YES;
				CLANG_WARN_NON_LITERAL_NULL_CONVERSION = YES;
				CLANG_WARN_OBJC_IMPLICIT_RETAIN_SELF = YES;
				CLANG_WARN_OBJC_LITERAL_CONVERSION = YES;
				CLANG_WARN_OBJC_ROOT_CLASS = YES_ERROR;
				CLANG_WARN_QUOTED_INCLUDE_IN_FRAMEWORK_HEADER = YES;
				CLANG_WARN_RANGE_LOOP_ANALYSIS = YES;
				CLANG_WARN_STRICT_PROTOTYPES = YES;
				CLANG_WARN_SUSPICIOUS_MOVE = YES;
				CLANG_WARN_UNGUARDED_AVAILABILITY = YES_AGGRESSIVE;
				CLANG_WARN_UNREACHABLE_CODE = YES;
				CLANG_WARN__DUPLICATE_METHOD_MATCH = YES;
				COPY_PHASE_STRIP = NO;
				DEBUG_INFORMATION_FORMAT = dwarf;
				ENABLE_STRICT_OBJC_MSGSEND = YES;
				ENABLE_TESTABILITY = YES;
				ENABLE_USER_SCRIPT_SANDBOXING = NO;
				GCC_C_LANGUAGE_STANDARD = gnu17;
				GCC_DYNAMIC_NO_PIC = NO;
				GCC_NO_COMMON_BLOCKS = YES;
				GCC_OPTIMIZATION_LEVEL = 0;
				GCC_PREPROCESSOR_DEFINITIONS = (
					"DEBUG=1",
					"$(inherited)",
				);
				GCC_WARN_64_TO_32_BIT_CONVERSION = YES;
				GCC_WARN_ABOUT_RETURN_TYPE = YES_ERROR;
				GCC_WARN_UNDECLARED_SELECTOR = YES;
				GCC_WARN_UNINITIALIZED_AUTOS = YES_AGGRESSIVE;
				GCC_WARN_UNUSED_FUNCTION = YES;
				GCC_WARN_UNUSED_VARIABLE = YES;
				IPHONEOS_DEPLOYMENT_TARGET = 17.5;
				LOCALIZATION_PREFERS_STRING_CATALOGS = YES;
				MTL_ENABLE_DEBUG_INFO = INCLUDE_SOURCE;
				MTL_FAST_MATH = YES;
				ONLY_ACTIVE_ARCH = YES;
				SDKROOT = iphoneos;
				SWIFT_ACTIVE_COMPILATION_CONDITIONS = "DEBUG $(inherited)";
				SWIFT_OPTIMIZATION_LEVEL = "-Onone";
			};
			name = Debug;
		};
		C296D7232C1F16B200691515 /* Release */ = {
			isa = XCBuildConfiguration;
			buildSettings = {
				ALWAYS_SEARCH_USER_PATHS = NO;
				ASSETCATALOG_COMPILER_GENERATE_SWIFT_ASSET_SYMBOL_EXTENSIONS = YES;
				CLANG_ANALYZER_NONNULL = YES;
				CLANG_ANALYZER_NUMBER_OBJECT_CONVERSION = YES_AGGRESSIVE;
				CLANG_CXX_LANGUAGE_STANDARD = "gnu++20";
				CLANG_ENABLE_MODULES = YES;
				CLANG_ENABLE_OBJC_ARC = YES;
				CLANG_ENABLE_OBJC_WEAK = YES;
				CLANG_WARN_BLOCK_CAPTURE_AUTORELEASING = YES;
				CLANG_WARN_BOOL_CONVERSION = YES;
				CLANG_WARN_COMMA = YES;
				CLANG_WARN_CONSTANT_CONVERSION = YES;
				CLANG_WARN_DEPRECATED_OBJC_IMPLEMENTATIONS = YES;
				CLANG_WARN_DIRECT_OBJC_ISA_USAGE = YES_ERROR;
				CLANG_WARN_DOCUMENTATION_COMMENTS = YES;
				CLANG_WARN_EMPTY_BODY = YES;
				CLANG_WARN_ENUM_CONVERSION = YES;
				CLANG_WARN_INFINITE_RECURSION = YES;
				CLANG_WARN_INT_CONVERSION = YES;
				CLANG_WARN_NON_LITERAL_NULL_CONVERSION = YES;
				CLANG_WARN_OBJC_IMPLICIT_RETAIN_SELF = YES;
				CLANG_WARN_OBJC_LITERAL_CONVERSION = YES;
				CLANG_WARN_OBJC_ROOT_CLASS = YES_ERROR;
				CLANG_WARN_QUOTED_INCLUDE_IN_FRAMEWORK_HEADER = YES;
				CLANG_WARN_RANGE_LOOP_ANALYSIS = YES;
				CLANG_WARN_STRICT_PROTOTYPES = YES;
				CLANG_WARN_SUSPICIOUS_MOVE = YES;
				CLANG_WARN_UNGUARDED_AVAILABILITY = YES_AGGRESSIVE;
				CLANG_WARN_UNREACHABLE_CODE = YES;
				CLANG_WARN__DUPLICATE_METHOD_MATCH = YES;
				COPY_PHASE_STRIP = NO;
				DEBUG_INFORMATION_FORMAT = "dwarf-with-dsym";
				ENABLE_NS_ASSERTIONS = NO;
				ENABLE_STRICT_OBJC_MSGSEND = YES;
				ENABLE_USER_SCRIPT_SANDBOXING = NO;
				GCC_C_LANGUAGE_STANDARD = gnu17;
				GCC_NO_COMMON_BLOCKS = YES;
				GCC_WARN_64_TO_32_BIT_CONVERSION = YES;
				GCC_WARN_ABOUT_RETURN_TYPE = YES_ERROR;
				GCC_WARN_UNDECLARED_SELECTOR = YES;
				GCC_WARN_UNINITIALIZED_AUTOS = YES_AGGRESSIVE;
				GCC_WARN_UNUSED_FUNCTION = YES;
				GCC_WARN_UNUSED_VARIABLE = YES;
				IPHONEOS_DEPLOYMENT_TARGET = 17.5;
				LOCALIZATION_PREFERS_STRING_CATALOGS = YES;
				MTL_ENABLE_DEBUG_INFO = NO;
				MTL_FAST_MATH = YES;
				SDKROOT = iphoneos;
				SWIFT_COMPILATION_MODE = wholemodule;
				VALIDATE_PRODUCT = YES;
			};
			name = Release;
		};
		C296D7252C1F16B200691515 /* Debug */ = {
			isa = XCBuildConfiguration;
			baseConfigurationReference = FCF7B5AF299CF594CE3ABDAA /* Pods-Busanify.debug.xcconfig */;
			buildSettings = {
				ASSETCATALOG_COMPILER_APPICON_NAME = AppIcon;
				ASSETCATALOG_COMPILER_GLOBAL_ACCENT_COLOR_NAME = AccentColor;
				CODE_SIGN_ENTITLEMENTS = Busanify/Busanify.entitlements;
				CODE_SIGN_IDENTITY = "Apple Development";
				"CODE_SIGN_IDENTITY[sdk=iphoneos*]" = "iPhone Developer";
				CODE_SIGN_STYLE = Manual;
				CURRENT_PROJECT_VERSION = 1;
				DEVELOPMENT_TEAM = "";
				"DEVELOPMENT_TEAM[sdk=iphoneos*]" = N954XS4D2X;
				GENERATE_INFOPLIST_FILE = YES;
				INFOPLIST_FILE = Busanify/Info.plist;
				INFOPLIST_KEY_NSLocationAlwaysAndWhenInUseUsageDescription = "필요하다 너의 위치 정보";
				INFOPLIST_KEY_NSLocationWhenInUseUsageDescription = "필요하다 너의 위치 정보";
				INFOPLIST_KEY_UIApplicationSupportsIndirectInputEvents = YES;
				INFOPLIST_KEY_UILaunchStoryboardName = LaunchScreen;
				INFOPLIST_KEY_UIMainStoryboardFile = Main;
				INFOPLIST_KEY_UISupportedInterfaceOrientations_iPad = "UIInterfaceOrientationPortrait UIInterfaceOrientationPortraitUpsideDown UIInterfaceOrientationLandscapeLeft UIInterfaceOrientationLandscapeRight";
				INFOPLIST_KEY_UISupportedInterfaceOrientations_iPhone = "UIInterfaceOrientationPortrait UIInterfaceOrientationLandscapeLeft UIInterfaceOrientationLandscapeRight";
				LD_RUNPATH_SEARCH_PATHS = (
					"$(inherited)",
					"@executable_path/Frameworks",
				);
				MARKETING_VERSION = 1.0;
				PRODUCT_BUNDLE_IDENTIFIER = com.Busanify;
				PRODUCT_NAME = "$(TARGET_NAME)";
				PROVISIONING_PROFILE_SPECIFIER = "";
				"PROVISIONING_PROFILE_SPECIFIER[sdk=iphoneos*]" = "Busanify App";
				SWIFT_EMIT_LOC_STRINGS = YES;
				SWIFT_VERSION = 5.0;
				TARGETED_DEVICE_FAMILY = "1,2";
			};
			name = Debug;
		};
		C296D7262C1F16B200691515 /* Release */ = {
			isa = XCBuildConfiguration;
			baseConfigurationReference = A5B5FF36CA65D19775B9B568 /* Pods-Busanify.release.xcconfig */;
			buildSettings = {
				ASSETCATALOG_COMPILER_APPICON_NAME = AppIcon;
				ASSETCATALOG_COMPILER_GLOBAL_ACCENT_COLOR_NAME = AccentColor;
				CODE_SIGN_ENTITLEMENTS = Busanify/Busanify.entitlements;
				CODE_SIGN_IDENTITY = "Apple Development";
				"CODE_SIGN_IDENTITY[sdk=iphoneos*]" = "iPhone Developer";
				CODE_SIGN_STYLE = Manual;
				CURRENT_PROJECT_VERSION = 1;
				DEVELOPMENT_TEAM = "";
				"DEVELOPMENT_TEAM[sdk=iphoneos*]" = N954XS4D2X;
				GENERATE_INFOPLIST_FILE = YES;
				INFOPLIST_FILE = Busanify/Info.plist;
				INFOPLIST_KEY_NSLocationAlwaysAndWhenInUseUsageDescription = "필요하다 너의 위치 정보";
				INFOPLIST_KEY_NSLocationWhenInUseUsageDescription = "필요하다 너의 위치 정보";
				INFOPLIST_KEY_UIApplicationSupportsIndirectInputEvents = YES;
				INFOPLIST_KEY_UILaunchStoryboardName = LaunchScreen;
				INFOPLIST_KEY_UIMainStoryboardFile = Main;
				INFOPLIST_KEY_UISupportedInterfaceOrientations_iPad = "UIInterfaceOrientationPortrait UIInterfaceOrientationPortraitUpsideDown UIInterfaceOrientationLandscapeLeft UIInterfaceOrientationLandscapeRight";
				INFOPLIST_KEY_UISupportedInterfaceOrientations_iPhone = "UIInterfaceOrientationPortrait UIInterfaceOrientationLandscapeLeft UIInterfaceOrientationLandscapeRight";
				LD_RUNPATH_SEARCH_PATHS = (
					"$(inherited)",
					"@executable_path/Frameworks",
				);
				MARKETING_VERSION = 1.0;
				PRODUCT_BUNDLE_IDENTIFIER = com.Busanify;
				PRODUCT_NAME = "$(TARGET_NAME)";
				PROVISIONING_PROFILE_SPECIFIER = "";
				"PROVISIONING_PROFILE_SPECIFIER[sdk=iphoneos*]" = "Busanify App";
				SWIFT_EMIT_LOC_STRINGS = YES;
				SWIFT_VERSION = 5.0;
				TARGETED_DEVICE_FAMILY = "1,2";
			};
			name = Release;
		};
		C296D7282C1F16B200691515 /* Debug */ = {
			isa = XCBuildConfiguration;
			buildSettings = {
				ALWAYS_EMBED_SWIFT_STANDARD_LIBRARIES = YES;
				BUNDLE_LOADER = "$(TEST_HOST)";
				CODE_SIGN_STYLE = Automatic;
				CURRENT_PROJECT_VERSION = 1;
				GENERATE_INFOPLIST_FILE = YES;
				IPHONEOS_DEPLOYMENT_TARGET = 17.5;
				MARKETING_VERSION = 1.0;
				PRODUCT_BUNDLE_IDENTIFIER = com.harrylee.BusanifyTests;
				PRODUCT_NAME = "$(TARGET_NAME)";
				SWIFT_EMIT_LOC_STRINGS = NO;
				SWIFT_VERSION = 5.0;
				TARGETED_DEVICE_FAMILY = "1,2";
				TEST_HOST = "$(BUILT_PRODUCTS_DIR)/Busanify.app/$(BUNDLE_EXECUTABLE_FOLDER_PATH)/Busanify";
			};
			name = Debug;
		};
		C296D7292C1F16B200691515 /* Release */ = {
			isa = XCBuildConfiguration;
			buildSettings = {
				ALWAYS_EMBED_SWIFT_STANDARD_LIBRARIES = YES;
				BUNDLE_LOADER = "$(TEST_HOST)";
				CODE_SIGN_STYLE = Automatic;
				CURRENT_PROJECT_VERSION = 1;
				GENERATE_INFOPLIST_FILE = YES;
				IPHONEOS_DEPLOYMENT_TARGET = 17.5;
				MARKETING_VERSION = 1.0;
				PRODUCT_BUNDLE_IDENTIFIER = com.harrylee.BusanifyTests;
				PRODUCT_NAME = "$(TARGET_NAME)";
				SWIFT_EMIT_LOC_STRINGS = NO;
				SWIFT_VERSION = 5.0;
				TARGETED_DEVICE_FAMILY = "1,2";
				TEST_HOST = "$(BUILT_PRODUCTS_DIR)/Busanify.app/$(BUNDLE_EXECUTABLE_FOLDER_PATH)/Busanify";
			};
			name = Release;
		};
		C296D72B2C1F16B200691515 /* Debug */ = {
			isa = XCBuildConfiguration;
			buildSettings = {
				ALWAYS_EMBED_SWIFT_STANDARD_LIBRARIES = YES;
				CODE_SIGN_STYLE = Automatic;
				CURRENT_PROJECT_VERSION = 1;
				GENERATE_INFOPLIST_FILE = YES;
				MARKETING_VERSION = 1.0;
				PRODUCT_BUNDLE_IDENTIFIER = com.harrylee.BusanifyUITests;
				PRODUCT_NAME = "$(TARGET_NAME)";
				SWIFT_EMIT_LOC_STRINGS = NO;
				SWIFT_VERSION = 5.0;
				TARGETED_DEVICE_FAMILY = "1,2";
				TEST_TARGET_NAME = Busanify;
			};
			name = Debug;
		};
		C296D72C2C1F16B200691515 /* Release */ = {
			isa = XCBuildConfiguration;
			buildSettings = {
				ALWAYS_EMBED_SWIFT_STANDARD_LIBRARIES = YES;
				CODE_SIGN_STYLE = Automatic;
				CURRENT_PROJECT_VERSION = 1;
				GENERATE_INFOPLIST_FILE = YES;
				MARKETING_VERSION = 1.0;
				PRODUCT_BUNDLE_IDENTIFIER = com.harrylee.BusanifyUITests;
				PRODUCT_NAME = "$(TARGET_NAME)";
				SWIFT_EMIT_LOC_STRINGS = NO;
				SWIFT_VERSION = 5.0;
				TARGETED_DEVICE_FAMILY = "1,2";
				TEST_TARGET_NAME = Busanify;
			};
			name = Release;
		};
/* End XCBuildConfiguration section */

/* Begin XCConfigurationList section */
		C296D6F52C1F16B000691515 /* Build configuration list for PBXProject "Busanify" */ = {
			isa = XCConfigurationList;
			buildConfigurations = (
				C296D7222C1F16B200691515 /* Debug */,
				C296D7232C1F16B200691515 /* Release */,
			);
			defaultConfigurationIsVisible = 0;
			defaultConfigurationName = Release;
		};
		C296D7242C1F16B200691515 /* Build configuration list for PBXNativeTarget "Busanify" */ = {
			isa = XCConfigurationList;
			buildConfigurations = (
				C296D7252C1F16B200691515 /* Debug */,
				C296D7262C1F16B200691515 /* Release */,
			);
			defaultConfigurationIsVisible = 0;
			defaultConfigurationName = Release;
		};
		C296D7272C1F16B200691515 /* Build configuration list for PBXNativeTarget "BusanifyTests" */ = {
			isa = XCConfigurationList;
			buildConfigurations = (
				C296D7282C1F16B200691515 /* Debug */,
				C296D7292C1F16B200691515 /* Release */,
			);
			defaultConfigurationIsVisible = 0;
			defaultConfigurationName = Release;
		};
		C296D72A2C1F16B200691515 /* Build configuration list for PBXNativeTarget "BusanifyUITests" */ = {
			isa = XCConfigurationList;
			buildConfigurations = (
				C296D72B2C1F16B200691515 /* Debug */,
				C296D72C2C1F16B200691515 /* Release */,
			);
			defaultConfigurationIsVisible = 0;
			defaultConfigurationName = Release;
		};
/* End XCConfigurationList section */

/* Begin XCRemoteSwiftPackageReference section */
		C207F3752C3AFA78007DFA27 /* XCRemoteSwiftPackageReference "GoogleSignIn-iOS" */ = {
			isa = XCRemoteSwiftPackageReference;
			repositoryURL = "https://github.com/google/GoogleSignIn-iOS";
			requirement = {
				kind = upToNextMajorVersion;
				minimumVersion = 7.1.0;
			};
		};
/* End XCRemoteSwiftPackageReference section */

/* Begin XCSwiftPackageProductDependency section */
		C207F3762C3AFA78007DFA27 /* GoogleSignIn */ = {
			isa = XCSwiftPackageProductDependency;
			package = C207F3752C3AFA78007DFA27 /* XCRemoteSwiftPackageReference "GoogleSignIn-iOS" */;
			productName = GoogleSignIn;
		};
/* End XCSwiftPackageProductDependency section */
	};
	rootObject = C296D6F22C1F16B000691515 /* Project object */;
}
